
Microsoft Visual Studio Solution File, Format Version 12.00
# Visual Studio Version 17
VisualStudioVersion = 17.1.32328.378
MinimumVisualStudioVersion = 10.0.40219.1
Project("{FAE04EC0-301F-11D3-BF4B-00C04F79EFBC}") = "CursoPildorasInformaticas", "CursoPildorasInformaticas\CursoPildorasInformaticas.csproj", "{A0547D8A-FB3A-46B0-B2E8-E42EE63433E2}"
EndProject
Global
	GlobalSection(SolutionConfigurationPlatforms) = preSolution
		Debug|Any CPU = Debug|Any CPU
		Release|Any CPU = Release|Any CPU
	EndGlobalSection
	GlobalSection(ProjectConfigurationPlatforms) = postSolution
		{A0547D8A-FB3A-46B0-B2E8-E42EE63433E2}.Debug|Any CPU.ActiveCfg = Debug|Any CPU
		{A0547D8A-FB3A-46B0-B2E8-E42EE63433E2}.Debug|Any CPU.Build.0 = Debug|Any CPU
		{A0547D8A-FB3A-46B0-B2E8-E42EE63433E2}.Release|Any CPU.ActiveCfg = Release|Any CPU
		{A0547D8A-FB3A-46B0-B2E8-E42EE63433E2}.Release|Any CPU.Build.0 = Release|Any CPU
	EndGlobalSection
	GlobalSection(SolutionProperties) = preSolution
		HideSolutionNode = FALSE
	EndGlobalSection
	GlobalSection(ExtensibilityGlobals) = postSolution
		SolutionGuid = {2BE66A16-C7F9-4068-83D5-78F00FC7B369}
	EndGlobalSection
EndGlobal
